// !$*UTF8*$!
{
	archiveVersion = 1;
	classes = {
	};
	objectVersion = 77;
	objects = {

/* Begin PBXContainerItemProxy section */
		07B1675B2E59161200CEBADD /* PBXContainerItemProxy */ = {
			isa = PBXContainerItemProxy;
			containerPortal = 07B167452E59161000CEBADD /* Project object */;
			proxyType = 1;
			remoteGlobalIDString = 07B1674C2E59161000CEBADD;
			remoteInfo = "Guess-The-Flag";
		};
		07B167652E59161200CEBADD /* PBXContainerItemProxy */ = {
			isa = PBXContainerItemProxy;
			containerPortal = 07B167452E59161000CEBADD /* Project object */;
			proxyType = 1;
			remoteGlobalIDString = 07B1674C2E59161000CEBADD;
			remoteInfo = "Guess-The-Flag";
		};
/* End PBXContainerItemProxy section */

/* Begin PBXFileReference section */
		07B1674D2E59161000CEBADD /* Guess-The-Flag.app */ = {isa = PBXFileReference; explicitFileType = wrapper.application; includeInIndex = 0; path = "Guess-The-Flag.app"; sourceTree = BUILT_PRODUCTS_DIR; };
		07B1675A2E59161200CEBADD /* Guess-The-FlagTests.xctest */ = {isa = PBXFileReference; explicitFileType = wrapper.cfbundle; includeInIndex = 0; path = "Guess-The-FlagTests.xctest"; sourceTree = BUILT_PRODUCTS_DIR; };
		07B167642E59161200CEBADD /* Guess-The-FlagUITests.xctest */ = {isa = PBXFileReference; explicitFileType = wrapper.cfbundle; includeInIndex = 0; path = "Guess-The-FlagUITests.xctest"; sourceTree = BUILT_PRODUCTS_DIR; };
/* End PBXFileReference section */

/* Begin PBXFileSystemSynchronizedRootGroup section */
		07B1674F2E59161000CEBADD /* Guess-The-Flag */ = {
			isa = PBXFileSystemSynchronizedRootGroup;
			path = "Guess-The-Flag";
			sourceTree = "<group>";
		};
		07B1675D2E59161200CEBADD /* Guess-The-FlagTests */ = {
			isa = PBXFileSystemSynchronizedRootGroup;
			path = "Guess-The-FlagTests";
			sourceTree = "<group>";
		};
		07B167672E59161200CEBADD /* Guess-The-FlagUITests */ = {
			isa = PBXFileSystemSynchronizedRootGroup;
			path = "Guess-The-FlagUITests";
			sourceTree = "<group>";
		};
/* End PBXFileSystemSynchronizedRootGroup section */

/* Begin PBXFrameworksBuildPhase section */
		07B1674A2E59161000CEBADD /* Frameworks */ = {
			isa = PBXFrameworksBuildPhase;
			buildActionMask = 2147483647;
			files = (
			);
			runOnlyForDeploymentPostprocessing = 0;
		};
		07B167572E59161200CEBADD /* Frameworks */ = {
			isa = PBXFrameworksBuildPhase;
			buildActionMask = 2147483647;
			files = (
			);
			runOnlyForDeploymentPostprocessing = 0;
		};
		07B167612E59161200CEBADD /* Frameworks */ = {
			isa = PBXFrameworksBuildPhase;
			buildActionMask = 2147483647;
			files = (
			);
			runOnlyForDeploymentPostprocessing = 0;
		};
/* End PBXFrameworksBuildPhase section */

/* Begin PBXGroup section */
		07B167442E59161000CEBADD = {
			isa = PBXGroup;
			children = (
				07B1674F2E59161000CEBADD /* Guess-The-Flag */,
				07B1675D2E59161200CEBADD /* Guess-The-FlagTests */,
				07B167672E59161200CEBADD /* Guess-The-FlagUITests */,
				07B1674E2E59161000CEBADD /* Products */,
			);
			sourceTree = "<group>";
		};
		07B1674E2E59161000CEBADD /* Products */ = {
			isa = PBXGroup;
			children = (
				07B1674D2E59161000CEBADD /* Guess-The-Flag.app */,
				07B1675A2E59161200CEBADD /* Guess-The-FlagTests.xctest */,
				07B167642E59161200CEBADD /* Guess-The-FlagUITests.xctest */,
			);
			name = Products;
			sourceTree = "<group>";
		};
/* End PBXGroup section */

/* Begin PBXNativeTarget section */
		07B1674C2E59161000CEBADD /* Guess-The-Flag */ = {
			isa = PBXNativeTarget;
			buildConfigurationList = 07B1676E2E59161200CEBADD /* Build configuration list for PBXNativeTarget "Guess-The-Flag" */;
			buildPhases = (
				07B167492E59161000CEBADD /* Sources */,
				07B1674A2E59161000CEBADD /* Frameworks */,
				07B1674B2E59161000CEBADD /* Resources */,
			);
			buildRules = (
			);
			dependencies = (
			);
			fileSystemSynchronizedGroups = (
				07B1674F2E59161000CEBADD /* Guess-The-Flag */,
			);
			name = "Guess-The-Flag";
			packageProductDependencies = (
			);
			productName = "Guess-The-Flag";
			productReference = 07B1674D2E59161000CEBADD /* Guess-The-Flag.app */;
			productType = "com.apple.product-type.application";
		};
		07B167592E59161200CEBADD /* Guess-The-FlagTests */ = {
			isa = PBXNativeTarget;
			buildConfigurationList = 07B167712E59161200CEBADD /* Build configuration list for PBXNativeTarget "Guess-The-FlagTests" */;
			buildPhases = (
				07B167562E59161200CEBADD /* Sources */,
				07B167572E59161200CEBADD /* Frameworks */,
				07B167582E59161200CEBADD /* Resources */,
			);
			buildRules = (
			);
			dependencies = (
				07B1675C2E59161200CEBADD /* PBXTargetDependency */,
			);
			fileSystemSynchronizedGroups = (
				07B1675D2E59161200CEBADD /* Guess-The-FlagTests */,
			);
			name = "Guess-The-FlagTests";
			packageProductDependencies = (
			);
			productName = "Guess-The-FlagTests";
			productReference = 07B1675A2E59161200CEBADD /* Guess-The-FlagTests.xctest */;
			productType = "com.apple.product-type.bundle.unit-test";
		};
		07B167632E59161200CEBADD /* Guess-The-FlagUITests */ = {
			isa = PBXNativeTarget;
			buildConfigurationList = 07B167742E59161200CEBADD /* Build configuration list for PBXNativeTarget "Guess-The-FlagUITests" */;
			buildPhases = (
				07B167602E59161200CEBADD /* Sources */,
				07B167612E59161200CEBADD /* Frameworks */,
				07B167622E59161200CEBADD /* Resources */,
			);
			buildRules = (
			);
			dependencies = (
				07B167662E59161200CEBADD /* PBXTargetDependency */,
			);
			fileSystemSynchronizedGroups = (
				07B167672E59161200CEBADD /* Guess-The-FlagUITests */,
			);
			name = "Guess-The-FlagUITests";
			packageProductDependencies = (
			);
			productName = "Guess-The-FlagUITests";
			productReference = 07B167642E59161200CEBADD /* Guess-The-FlagUITests.xctest */;
			productType = "com.apple.product-type.bundle.ui-testing";
		};
/* End PBXNativeTarget section */

/* Begin PBXProject section */
		07B167452E59161000CEBADD /* Project object */ = {
			isa = PBXProject;
			attributes = {
				BuildIndependentTargetsInParallel = 1;
				LastSwiftUpdateCheck = 1640;
				LastUpgradeCheck = 1640;
				TargetAttributes = {
					07B1674C2E59161000CEBADD = {
						CreatedOnToolsVersion = 16.4;
					};
					07B167592E59161200CEBADD = {
						CreatedOnToolsVersion = 16.4;
						TestTargetID = 07B1674C2E59161000CEBADD;
					};
					07B167632E59161200CEBADD = {
						CreatedOnToolsVersion = 16.4;
						TestTargetID = 07B1674C2E59161000CEBADD;
					};
				};
			};
			buildConfigurationList = 07B167482E59161000CEBADD /* Build configuration list for PBXProject "Guess-The-Flag" */;
			developmentRegion = en;
			hasScannedForEncodings = 0;
			knownRegions = (
				en,
				Base,
			);
			mainGroup = 07B167442E59161000CEBADD;
			minimizedProjectReferenceProxies = 1;
			preferredProjectObjectVersion = 77;
			productRefGroup = 07B1674E2E59161000CEBADD /* Products */;
			projectDirPath = "";
			projectRoot = "";
			targets = (
				07B1674C2E59161000CEBADD /* Guess-The-Flag */,
				07B167592E59161200CEBADD /* Guess-The-FlagTests */,
				07B167632E59161200CEBADD /* Guess-The-FlagUITests */,
			);
		};
/* End PBXProject section */

/* Begin PBXResourcesBuildPhase section */
		07B1674B2E59161000CEBADD /* Resources */ = {
			isa = PBXResourcesBuildPhase;
			buildActionMask = 2147483647;
			files = (
			);
			runOnlyForDeploymentPostprocessing = 0;
		};
		07B167582E59161200CEBADD /* Resources */ = {
			isa = PBXResourcesBuildPhase;
			buildActionMask = 2147483647;
			files = (
			);
			runOnlyForDeploymentPostprocessing = 0;
		};
		07B167622E59161200CEBADD /* Resources */ = {
			isa = PBXResourcesBuildPhase;
			buildActionMask = 2147483647;
			files = (
			);
			runOnlyForDeploymentPostprocessing = 0;
		};
/* End PBXResourcesBuildPhase section */

/* Begin PBXSourcesBuildPhase section */
		07B167492E59161000CEBADD /* Sources */ = {
			isa = PBXSourcesBuildPhase;
			buildActionMask = 2147483647;
			files = (
			);
			runOnlyForDeploymentPostprocessing = 0;
		};
		07B167562E59161200CEBADD /* Sources */ = {
			isa = PBXSourcesBuildPhase;
			buildActionMask = 2147483647;
			files = (
			);
			runOnlyForDeploymentPostprocessing = 0;
		};
		07B167602E59161200CEBADD /* Sources */ = {
			isa = PBXSourcesBuildPhase;
			buildActionMask = 2147483647;
			files = (
			);
			runOnlyForDeploymentPostprocessing = 0;
		};
/* End PBXSourcesBuildPhase section */

/* Begin PBXTargetDependency section */
		07B1675C2E59161200CEBADD /* PBXTargetDependency */ = {
			isa = PBXTargetDependency;
			target = 07B1674C2E59161000CEBADD /* Guess-The-Flag */;
			targetProxy = 07B1675B2E59161200CEBADD /* PBXContainerItemProxy */;
		};
		07B167662E59161200CEBADD /* PBXTargetDependency */ = {
			isa = PBXTargetDependency;
			target = 07B1674C2E59161000CEBADD /* Guess-The-Flag */;
			targetProxy = 07B167652E59161200CEBADD /* PBXContainerItemProxy */;
		};
/* End PBXTargetDependency section */

/* Begin XCBuildConfiguration section */
		07B1676C2E59161200CEBADD /* Debug */ = {
			isa = XCBuildConfiguration;
			buildSettings = {
				ALWAYS_SEARCH_USER_PATHS = NO;
				ASSETCATALOG_COMPILER_GENERATE_SWIFT_ASSET_SYMBOL_EXTENSIONS = YES;
				CLANG_ANALYZER_NONNULL = YES;
				CLANG_ANALYZER_NUMBER_OBJECT_CONVERSION = YES_AGGRESSIVE;
				CLANG_CXX_LANGUAGE_STANDARD = "gnu++20";
				CLANG_ENABLE_MODULES = YES;
				CLANG_ENABLE_OBJC_ARC = YES;
				CLANG_ENABLE_OBJC_WEAK = YES;
				CLANG_WARN_BLOCK_CAPTURE_AUTORELEASING = YES;
				CLANG_WARN_BOOL_CONVERSION = YES;
				CLANG_WARN_COMMA = YES;
				CLANG_WARN_CONSTANT_CONVERSION = YES;
				CLANG_WARN_DEPRECATED_OBJC_IMPLEMENTATIONS = YES;
				CLANG_WARN_DIRECT_OBJC_ISA_USAGE = YES_ERROR;
				CLANG_WARN_DOCUMENTATION_COMMENTS = YES;
				CLANG_WARN_EMPTY_BODY = YES;
				CLANG_WARN_ENUM_CONVERSION = YES;
				CLANG_WARN_INFINITE_RECURSION = YES;
				CLANG_WARN_INT_CONVERSION = YES;
				CLANG_WARN_NON_LITERAL_NULL_CONVERSION = YES;
				CLANG_WARN_OBJC_IMPLICIT_RETAIN_SELF = YES;
				CLANG_WARN_OBJC_LITERAL_CONVERSION = YES;
				CLANG_WARN_OBJC_ROOT_CLASS = YES_ERROR;
				CLANG_WARN_QUOTED_INCLUDE_IN_FRAMEWORK_HEADER = YES;
				CLANG_WARN_RANGE_LOOP_ANALYSIS = YES;
				CLANG_WARN_STRICT_PROTOTYPES = YES;
				CLANG_WARN_SUSPICIOUS_MOVE = YES;
				CLANG_WARN_UNGUARDED_AVAILABILITY = YES_AGGRESSIVE;
				CLANG_WARN_UNREACHABLE_CODE = YES;
				CLANG_WARN__DUPLICATE_METHOD_MATCH = YES;
				COPY_PHASE_STRIP = NO;
				DEBUG_INFORMATION_FORMAT = dwarf;
				ENABLE_STRICT_OBJC_MSGSEND = YES;
				ENABLE_TESTABILITY = YES;
				ENABLE_USER_SCRIPT_SANDBOXING = YES;
				GCC_C_LANGUAGE_STANDARD = gnu17;
				GCC_DYNAMIC_NO_PIC = NO;
				GCC_NO_COMMON_BLOCKS = YES;
				GCC_OPTIMIZATION_LEVEL = 0;
				GCC_PREPROCESSOR_DEFINITIONS = (
					"DEBUG=1",
					"$(inherited)",
				);
				GCC_WARN_64_TO_32_BIT_CONVERSION = YES;
				GCC_WARN_ABOUT_RETURN_TYPE = YES_ERROR;
				GCC_WARN_UNDECLARED_SELECTOR = YES;
				GCC_WARN_UNINITIALIZED_AUTOS = YES_AGGRESSIVE;
				GCC_WARN_UNUSED_FUNCTION = YES;
				GCC_WARN_UNUSED_VARIABLE = YES;
				IPHONEOS_DEPLOYMENT_TARGET = 18.5;
				LOCALIZATION_PREFERS_STRING_CATALOGS = YES;
				MTL_ENABLE_DEBUG_INFO = INCLUDE_SOURCE;
				MTL_FAST_MATH = YES;
				ONLY_ACTIVE_ARCH = YES;
				SDKROOT = iphoneos;
				SWIFT_ACTIVE_COMPILATION_CONDITIONS = "DEBUG $(inherited)";
				SWIFT_OPTIMIZATION_LEVEL = "-Onone";
			};
			name = Debug;
		};
		07B1676D2E59161200CEBADD /* Release */ = {
			isa = XCBuildConfiguration;
			buildSettings = {
				ALWAYS_SEARCH_USER_PATHS = NO;
				ASSETCATALOG_COMPILER_GENERATE_SWIFT_ASSET_SYMBOL_EXTENSIONS = YES;
				CLANG_ANALYZER_NONNULL = YES;
				CLANG_ANALYZER_NUMBER_OBJECT_CONVERSION = YES_AGGRESSIVE;
				CLANG_CXX_LANGUAGE_STANDARD = "gnu++20";
				CLANG_ENABLE_MODULES = YES;
				CLANG_ENABLE_OBJC_ARC = YES;
				CLANG_ENABLE_OBJC_WEAK = YES;
				CLANG_WARN_BLOCK_CAPTURE_AUTORELEASING = YES;
				CLANG_WARN_BOOL_CONVERSION = YES;
				CLANG_WARN_COMMA = YES;
				CLANG_WARN_CONSTANT_CONVERSION = YES;
				CLANG_WARN_DEPRECATED_OBJC_IMPLEMENTATIONS = YES;
				CLANG_WARN_DIRECT_OBJC_ISA_USAGE = YES_ERROR;
				CLANG_WARN_DOCUMENTATION_COMMENTS = YES;
				CLANG_WARN_EMPTY_BODY = YES;
				CLANG_WARN_ENUM_CONVERSION = YES;
				CLANG_WARN_INFINITE_RECURSION = YES;
				CLANG_WARN_INT_CONVERSION = YES;
				CLANG_WARN_NON_LITERAL_NULL_CONVERSION = YES;
				CLANG_WARN_OBJC_IMPLICIT_RETAIN_SELF = YES;
				CLANG_WARN_OBJC_LITERAL_CONVERSION = YES;
				CLANG_WARN_OBJC_ROOT_CLASS = YES_ERROR;
				CLANG_WARN_QUOTED_INCLUDE_IN_FRAMEWORK_HEADER = YES;
				CLANG_WARN_RANGE_LOOP_ANALYSIS = YES;
				CLANG_WARN_STRICT_PROTOTYPES = YES;
				CLANG_WARN_SUSPICIOUS_MOVE = YES;
				CLANG_WARN_UNGUARDED_AVAILABILITY = YES_AGGRESSIVE;
				CLANG_WARN_UNREACHABLE_CODE = YES;
				CLANG_WARN__DUPLICATE_METHOD_MATCH = YES;
				COPY_PHASE_STRIP = NO;
				DEBUG_INFORMATION_FORMAT = "dwarf-with-dsym";
				ENABLE_NS_ASSERTIONS = NO;
				ENABLE_STRICT_OBJC_MSGSEND = YES;
				ENABLE_USER_SCRIPT_SANDBOXING = YES;
				GCC_C_LANGUAGE_STANDARD = gnu17;
				GCC_NO_COMMON_BLOCKS = YES;
				GCC_WARN_64_TO_32_BIT_CONVERSION = YES;
				GCC_WARN_ABOUT_RETURN_TYPE = YES_ERROR;
				GCC_WARN_UNDECLARED_SELECTOR = YES;
				GCC_WARN_UNINITIALIZED_AUTOS = YES_AGGRESSIVE;
				GCC_WARN_UNUSED_FUNCTION = YES;
				GCC_WARN_UNUSED_VARIABLE = YES;
				IPHONEOS_DEPLOYMENT_TARGET = 18.5;
				LOCALIZATION_PREFERS_STRING_CATALOGS = YES;
				MTL_ENABLE_DEBUG_INFO = NO;
				MTL_FAST_MATH = YES;
				SDKROOT = iphoneos;
				SWIFT_COMPILATION_MODE = wholemodule;
				VALIDATE_PRODUCT = YES;
			};
			name = Release;
		};
		07B1676F2E59161200CEBADD /* Debug */ = {
			isa = XCBuildConfiguration;
			buildSettings = {
				ASSETCATALOG_COMPILER_APPICON_NAME = AppIcon;
				ASSETCATALOG_COMPILER_GLOBAL_ACCENT_COLOR_NAME = AccentColor;
				CODE_SIGN_STYLE = Automatic;
				CURRENT_PROJECT_VERSION = 1;
				ENABLE_PREVIEWS = YES;
				GENERATE_INFOPLIST_FILE = YES;
				INFOPLIST_KEY_UIApplicationSceneManifest_Generation = YES;
				INFOPLIST_KEY_UIApplicationSupportsIndirectInputEvents = YES;
				INFOPLIST_KEY_UILaunchScreen_Generation = YES;
				INFOPLIST_KEY_UISupportedInterfaceOrientations_iPad = "UIInterfaceOrientationPortrait UIInterfaceOrientationPortraitUpsideDown UIInterfaceOrientationLandscapeLeft UIInterfaceOrientationLandscapeRight";
				INFOPLIST_KEY_UISupportedInterfaceOrientations_iPhone = "UIInterfaceOrientationPortrait UIInterfaceOrientationLandscapeLeft UIInterfaceOrientationLandscapeRight";
				LD_RUNPATH_SEARCH_PATHS = (
					"$(inherited)",
					"@executable_path/Frameworks",
				);
				MARKETING_VERSION = 1.0;
				PRODUCT_BUNDLE_IDENTIFIER = "me.Zeruesenay.Alula.Guess-The-Flag";
				PRODUCT_NAME = "$(TARGET_NAME)";
				SWIFT_EMIT_LOC_STRINGS = YES;
				SWIFT_VERSION = 5.0;
				TARGETED_DEVICE_FAMILY = "1,2";
			};
			name = Debug;
		};
		07B167702E59161200CEBADD /* Release */ = {
			isa = XCBuildConfiguration;
			buildSettings = {
				ASSETCATALOG_COMPILER_APPICON_NAME = AppIcon;
				ASSETCATALOG_COMPILER_GLOBAL_ACCENT_COLOR_NAME = AccentColor;
				CODE_SIGN_STYLE = Automatic;
				CURRENT_PROJECT_VERSION = 1;
				ENABLE_PREVIEWS = YES;
				GENERATE_INFOPLIST_FILE = YES;
				INFOPLIST_KEY_UIApplicationSceneManifest_Generation = YES;
				INFOPLIST_KEY_UIApplicationSupportsIndirectInputEvents = YES;
				INFOPLIST_KEY_UILaunchScreen_Generation = YES;
				INFOPLIST_KEY_UISupportedInterfaceOrientations_iPad = "UIInterfaceOrientationPortrait UIInterfaceOrientationPortraitUpsideDown UIInterfaceOrientationLandscapeLeft UIInterfaceOrientationLandscapeRight";
				INFOPLIST_KEY_UISupportedInterfaceOrientations_iPhone = "UIInterfaceOrientationPortrait UIInterfaceOrientationLandscapeLeft UIInterfaceOrientationLandscapeRight";
				LD_RUNPATH_SEARCH_PATHS = (
					"$(inherited)",
					"@executable_path/Frameworks",
				);
				MARKETING_VERSION = 1.0;
				PRODUCT_BUNDLE_IDENTIFIER = "me.Zeruesenay.Alula.Guess-The-Flag";
				PRODUCT_NAME = "$(TARGET_NAME)";
				SWIFT_EMIT_LOC_STRINGS = YES;
				SWIFT_VERSION = 5.0;
				TARGETED_DEVICE_FAMILY = "1,2";
			};
			name = Release;
		};
		07B167722E59161200CEBADD /* Debug */ = {
			isa = XCBuildConfiguration;
			buildSettings = {
				BUNDLE_LOADER = "$(TEST_HOST)";
				CODE_SIGN_STYLE = Automatic;
				CURRENT_PROJECT_VERSION = 1;
				GENERATE_INFOPLIST_FILE = YES;
				IPHONEOS_DEPLOYMENT_TARGET = 18.5;
				MARKETING_VERSION = 1.0;
				PRODUCT_BUNDLE_IDENTIFIER = "me.Zeruesenay.Alula.Guess-The-FlagTests";
				PRODUCT_NAME = "$(TARGET_NAME)";
				SWIFT_EMIT_LOC_STRINGS = NO;
				SWIFT_VERSION = 5.0;
				TARGETED_DEVICE_FAMILY = "1,2";
				TEST_HOST = "$(BUILT_PRODUCTS_DIR)/Guess-The-Flag.app/$(BUNDLE_EXECUTABLE_FOLDER_PATH)/Guess-The-Flag";
			};
			name = Debug;
		};
		07B167732E59161200CEBADD /* Release */ = {
			isa = XCBuildConfiguration;
			buildSettings = {
				BUNDLE_LOADER = "$(TEST_HOST)";
				CODE_SIGN_STYLE = Automatic;
				CURRENT_PROJECT_VERSION = 1;
				GENERATE_INFOPLIST_FILE = YES;
				IPHONEOS_DEPLOYMENT_TARGET = 18.5;
				MARKETING_VERSION = 1.0;
				PRODUCT_BUNDLE_IDENTIFIER = "me.Zeruesenay.Alula.Guess-The-FlagTests";
				PRODUCT_NAME = "$(TARGET_NAME)";
				SWIFT_EMIT_LOC_STRINGS = NO;
				SWIFT_VERSION = 5.0;
				TARGETED_DEVICE_FAMILY = "1,2";
				TEST_HOST = "$(BUILT_PRODUCTS_DIR)/Guess-The-Flag.app/$(BUNDLE_EXECUTABLE_FOLDER_PATH)/Guess-The-Flag";
			};
			name = Release;
		};
		07B167752E59161200CEBADD /* Debug */ = {
			isa = XCBuildConfiguration;
			buildSettings = {
				CODE_SIGN_STYLE = Automatic;
				CURRENT_PROJECT_VERSION = 1;
				GENERATE_INFOPLIST_FILE = YES;
				MARKETING_VERSION = 1.0;
				PRODUCT_BUNDLE_IDENTIFIER = "me.Zeruesenay.Alula.Guess-The-FlagUITests";
				PRODUCT_NAME = "$(TARGET_NAME)";
				SWIFT_EMIT_LOC_STRINGS = NO;
				SWIFT_VERSION = 5.0;
				TARGETED_DEVICE_FAMILY = "1,2";
				TEST_TARGET_NAME = "Guess-The-Flag";
			};
			name = Debug;
		};
		07B167762E59161200CEBADD /* Release */ = {
			isa = XCBuildConfiguration;
			buildSettings = {
				CODE_SIGN_STYLE = Automatic;
				CURRENT_PROJECT_VERSION = 1;
				GENERATE_INFOPLIST_FILE = YES;
				MARKETING_VERSION = 1.0;
				PRODUCT_BUNDLE_IDENTIFIER = "me.Zeruesenay.Alula.Guess-The-FlagUITests";
				PRODUCT_NAME = "$(TARGET_NAME)";
				SWIFT_EMIT_LOC_STRINGS = NO;
				SWIFT_VERSION = 5.0;
				TARGETED_DEVICE_FAMILY = "1,2";
				TEST_TARGET_NAME = "Guess-The-Flag";
			};
			name = Release;
		};
/* End XCBuildConfiguration section */

/* Begin XCConfigurationList section */
		07B167482E59161000CEBADD /* Build configuration list for PBXProject "Guess-The-Flag" */ = {
			isa = XCConfigurationList;
			buildConfigurations = (
				07B1676C2E59161200CEBADD /* Debug */,
				07B1676D2E59161200CEBADD /* Release */,
			);
			defaultConfigurationIsVisible = 0;
			defaultConfigurationName = Release;
		};
		07B1676E2E59161200CEBADD /* Build configuration list for PBXNativeTarget "Guess-The-Flag" */ = {
			isa = XCConfigurationList;
			buildConfigurations = (
				07B1676F2E59161200CEBADD /* Debug */,
				07B167702E59161200CEBADD /* Release */,
			);
			defaultConfigurationIsVisible = 0;
			defaultConfigurationName = Release;
		};
		07B167712E59161200CEBADD /* Build configuration list for PBXNativeTarget "Guess-The-FlagTests" */ = {
			isa = XCConfigurationList;
			buildConfigurations = (
				07B167722E59161200CEBADD /* Debug */,
				07B167732E59161200CEBADD /* Release */,
			);
			defaultConfigurationIsVisible = 0;
			defaultConfigurationName = Release;
		};
		07B167742E59161200CEBADD /* Build configuration list for PBXNativeTarget "Guess-The-FlagUITests" */ = {
			isa = XCConfigurationList;
			buildConfigurations = (
				07B167752E59161200CEBADD /* Debug */,
				07B167762E59161200CEBADD /* Release */,
			);
			defaultConfigurationIsVisible = 0;
			defaultConfigurationName = Release;
		};
/* End XCConfigurationList section */
	};
	rootObject = 07B167452E59161000CEBADD /* Project object */;
}
